
Microsoft Visual Studio Solution File, Format Version 12.00
# Visual Studio 2013
VisualStudioVersion = 12.0.40629.0
MinimumVisualStudioVersion = 10.0.40219.1
Project("{2150E333-8FDC-42A3-9474-1A3956D46DE8}") = ".nuget", ".nuget", "{C52B256A-9914-4827-B360-39B25618E5C3}"
	ProjectSection(SolutionItems) = preProject
		.nuget\NuGet.Config = .nuget\NuGet.Config
		.nuget\NuGet.exe = .nuget\NuGet.exe
	EndProjectSection
EndProject
Project("{2150E333-8FDC-42A3-9474-1A3956D46DE8}") = ".build", ".build", "{EFB95C4B-A9DC-45AA-A217-B92B1E6060F8}"
	ProjectSection(SolutionItems) = preProject
		.build\AddVirtualApp.targets = .build\AddVirtualApp.targets
		.build\PackageVersion.targets = .build\PackageVersion.targets
	EndProjectSection
EndProject
Project("{FAE04EC0-301F-11D3-BF4B-00C04F79EFBC}") = "DashServer", "DashServer\DashServer.csproj", "{7E4CA414-B46A-49CA-922F-FE00D69C23CA}"
	ProjectSection(ProjectDependencies) = postProject
		{9514A309-45D1-45E1-B77B-A99CD59B8C77} = {9514A309-45D1-45E1-B77B-A99CD59B8C77}
	EndProjectSection
EndProject
Project("{FAE04EC0-301F-11D3-BF4B-00C04F79EFBC}") = "DashServer.Tests", "DashServer.Tests\DashServer.Tests.csproj", "{98DFBF47-6F1E-4BB1-910B-88DFF5ABABED}"
	ProjectSection(ProjectDependencies) = postProject
		{FD772AA8-3BD6-4224-9518-2D40E81792BF} = {FD772AA8-3BD6-4224-9518-2D40E81792BF}
	EndProjectSection
EndProject
Project("{FAE04EC0-301F-11D3-BF4B-00C04F79EFBC}") = "LoadTestDotNet", "LoadTestDotNet\LoadTestDotNet.csproj", "{4A63F369-57F6-4997-929D-1151B2567DE5}"
EndProject
Project("{2150E333-8FDC-42A3-9474-1A3956D46DE8}") = "Solution Items", "Solution Items", "{E18EA06E-979A-4675-87BC-65E3238EA56F}"
	ProjectSection(SolutionItems) = preProject
		HostedLoad.testsettings = HostedLoad.testsettings
		Local.testsettings = Local.testsettings
	EndProjectSection
EndProject
Project("{CC5FD16D-436D-48AD-A40C-5A424C6E3E79}") = "DashServer.Azure", "DashServer.Azure\DashServer.Azure.ccproj", "{2F03F471-8951-4B92-8DD1-D335258C005C}"
EndProject
Project("{CC5FD16D-436D-48AD-A40C-5A424C6E3E79}") = "DashServer.Azure.Https", "DashServer.Azure.Https\DashServer.Azure.Https.ccproj", "{2F03F471-8951-4B92-8DD1-D335258C005D}"
EndProject
Project("{FAE04EC0-301F-11D3-BF4B-00C04F79EFBC}") = "DashCommon", "DashCommon\DashCommon.csproj", "{9514A309-45D1-45E1-B77B-A99CD59B8C77}"
EndProject
Project("{FAE04EC0-301F-11D3-BF4B-00C04F79EFBC}") = "DashAsync", "DashAsync\DashAsync.csproj", "{193F0BFB-0859-4E42-91D0-F4CC415B8CB6}"
EndProject
Project("{FAE04EC0-301F-11D3-BF4B-00C04F79EFBC}") = "DashServer.ManagementAPI", "DashServer.ManagementAPI\DashServer.ManagementAPI.csproj", "{FD772AA8-3BD6-4224-9518-2D40E81792BF}"
EndProject
Global
	GlobalSection(SolutionConfigurationPlatforms) = preSolution
		Debug|Any CPU = Debug|Any CPU
		Release|Any CPU = Release|Any CPU
	EndGlobalSection
	GlobalSection(ProjectConfigurationPlatforms) = postSolution
		{7E4CA414-B46A-49CA-922F-FE00D69C23CA}.Debug|Any CPU.ActiveCfg = Debug|Any CPU
		{7E4CA414-B46A-49CA-922F-FE00D69C23CA}.Debug|Any CPU.Build.0 = Debug|Any CPU
		{7E4CA414-B46A-49CA-922F-FE00D69C23CA}.Release|Any CPU.ActiveCfg = Release|Any CPU
		{7E4CA414-B46A-49CA-922F-FE00D69C23CA}.Release|Any CPU.Build.0 = Release|Any CPU
		{98DFBF47-6F1E-4BB1-910B-88DFF5ABABED}.Debug|Any CPU.ActiveCfg = Debug|Any CPU
		{98DFBF47-6F1E-4BB1-910B-88DFF5ABABED}.Debug|Any CPU.Build.0 = Debug|Any CPU
		{98DFBF47-6F1E-4BB1-910B-88DFF5ABABED}.Release|Any CPU.ActiveCfg = Release|Any CPU
		{98DFBF47-6F1E-4BB1-910B-88DFF5ABABED}.Release|Any CPU.Build.0 = Release|Any CPU
		{4A63F369-57F6-4997-929D-1151B2567DE5}.Debug|Any CPU.ActiveCfg = Debug|Any CPU
		{4A63F369-57F6-4997-929D-1151B2567DE5}.Debug|Any CPU.Build.0 = Debug|Any CPU
		{4A63F369-57F6-4997-929D-1151B2567DE5}.Release|Any CPU.ActiveCfg = Release|Any CPU
		{4A63F369-57F6-4997-929D-1151B2567DE5}.Release|Any CPU.Build.0 = Release|Any CPU
		{2F03F471-8951-4B92-8DD1-D335258C005C}.Debug|Any CPU.ActiveCfg = Debug|Any CPU
		{2F03F471-8951-4B92-8DD1-D335258C005C}.Debug|Any CPU.Build.0 = Debug|Any CPU
		{2F03F471-8951-4B92-8DD1-D335258C005C}.Release|Any CPU.ActiveCfg = Release|Any CPU
		{2F03F471-8951-4B92-8DD1-D335258C005C}.Release|Any CPU.Build.0 = Release|Any CPU
		{2F03F471-8951-4B92-8DD1-D335258C005D}.Debug|Any CPU.ActiveCfg = Debug|Any CPU
		{2F03F471-8951-4B92-8DD1-D335258C005D}.Debug|Any CPU.Build.0 = Debug|Any CPU
		{2F03F471-8951-4B92-8DD1-D335258C005D}.Release|Any CPU.ActiveCfg = Release|Any CPU
		{2F03F471-8951-4B92-8DD1-D335258C005D}.Release|Any CPU.Build.0 = Release|Any CPU
		{9514A309-45D1-45E1-B77B-A99CD59B8C77}.Debug|Any CPU.ActiveCfg = Debug|Any CPU
		{9514A309-45D1-45E1-B77B-A99CD59B8C77}.Debug|Any CPU.Build.0 = Debug|Any CPU
		{9514A309-45D1-45E1-B77B-A99CD59B8C77}.Release|Any CPU.ActiveCfg = Release|Any CPU
		{9514A309-45D1-45E1-B77B-A99CD59B8C77}.Release|Any CPU.Build.0 = Release|Any CPU
		{193F0BFB-0859-4E42-91D0-F4CC415B8CB6}.Debug|Any CPU.ActiveCfg = Debug|Any CPU
		{193F0BFB-0859-4E42-91D0-F4CC415B8CB6}.Debug|Any CPU.Build.0 = Debug|Any CPU
		{193F0BFB-0859-4E42-91D0-F4CC415B8CB6}.Release|Any CPU.ActiveCfg = Release|Any CPU
		{193F0BFB-0859-4E42-91D0-F4CC415B8CB6}.Release|Any CPU.Build.0 = Release|Any CPU
		{FD772AA8-3BD6-4224-9518-2D40E81792BF}.Debug|Any CPU.ActiveCfg = Debug|Any CPU
		{FD772AA8-3BD6-4224-9518-2D40E81792BF}.Debug|Any CPU.Build.0 = Debug|Any CPU
		{FD772AA8-3BD6-4224-9518-2D40E81792BF}.Release|Any CPU.ActiveCfg = Release|Any CPU
		{FD772AA8-3BD6-4224-9518-2D40E81792BF}.Release|Any CPU.Build.0 = Release|Any CPU
	EndGlobalSection
	GlobalSection(SolutionProperties) = preSolution
		HideSolutionNode = FALSE
	EndGlobalSection
EndGlobal
